
Microsoft Visual Studio Solution File, Format Version 12.00
# Visual Studio Version 17
VisualStudioVersion = 17.4.33205.214
MinimumVisualStudioVersion = 10.0.40219.1
Project("{FAE04EC0-301F-11D3-BF4B-00C04F79EFBC}") = "primerProyecto", "primerProyecto\primerProyecto.csproj", "{F21E35EB-A56F-44FA-B0AB-1CB4FF53C13D}"
EndProject
Global
	GlobalSection(SolutionConfigurationPlatforms) = preSolution
		Debug|Any CPU = Debug|Any CPU
		Release|Any CPU = Release|Any CPU
	EndGlobalSection
	GlobalSection(ProjectConfigurationPlatforms) = postSolution
		{F21E35EB-A56F-44FA-B0AB-1CB4FF53C13D}.Debug|Any CPU.ActiveCfg = Debug|Any CPU
		{F21E35EB-A56F-44FA-B0AB-1CB4FF53C13D}.Debug|Any CPU.Build.0 = Debug|Any CPU
		{F21E35EB-A56F-44FA-B0AB-1CB4FF53C13D}.Release|Any CPU.ActiveCfg = Release|Any CPU
		{F21E35EB-A56F-44FA-B0AB-1CB4FF53C13D}.Release|Any CPU.Build.0 = Release|Any CPU
	EndGlobalSection
	GlobalSection(SolutionProperties) = preSolution
		HideSolutionNode = FALSE
	EndGlobalSection
	GlobalSection(ExtensibilityGlobals) = postSolution
		SolutionGuid = {FA910178-070E-4867-8223-9D861D4B402D}
	EndGlobalSection
EndGlobal
